
Microsoft Visual Studio Solution File, Format Version 12.00
# Visual Studio Version 16
VisualStudioVersion = 16.0.31105.61
MinimumVisualStudioVersion = 10.0.40219.1
Project("{FAE04EC0-301F-11D3-BF4B-00C04F79EFBC}") = "IdentityPractice", "IdentityPractice\IdentityPractice.csproj", "{678877C0-D64E-4288-93EA-7DF11D9EECCE}"
EndProject
Global
	GlobalSection(SolutionConfigurationPlatforms) = preSolution
		Debug|Any CPU = Debug|Any CPU
		Release|Any CPU = Release|Any CPU
	EndGlobalSection
	GlobalSection(ProjectConfigurationPlatforms) = postSolution
		{678877C0-D64E-4288-93EA-7DF11D9EECCE}.Debug|Any CPU.ActiveCfg = Debug|Any CPU
		{678877C0-D64E-4288-93EA-7DF11D9EECCE}.Debug|Any CPU.Build.0 = Debug|Any CPU
		{678877C0-D64E-4288-93EA-7DF11D9EECCE}.Release|Any CPU.ActiveCfg = Release|Any CPU
		{678877C0-D64E-4288-93EA-7DF11D9EECCE}.Release|Any CPU.Build.0 = Release|Any CPU
	EndGlobalSection
	GlobalSection(SolutionProperties) = preSolution
		HideSolutionNode = FALSE
	EndGlobalSection
	GlobalSection(ExtensibilityGlobals) = postSolution
		SolutionGuid = {8B804E6E-CFB7-4B53-A553-4CB24EAFB826}
	EndGlobalSection
EndGlobal
